<?xml version="1.0" encoding="utf-8"?>
<Project ToolsVersion="4.0" xmlns="http://schemas.microsoft.com/developer/msbuild/2003">
  <ItemGroup>
    <Filter Include="ソース ファイル">
      <UniqueIdentifier>{4FC737F1-C7A5-4376-A066-2A32D752A2FF}</UniqueIdentifier>
      <Extensions>cpp;c;cc;cxx;c++;cppm;ixx;def;odl;idl;hpj;bat;asm;asmx</Extensions>
    </Filter>
    <Filter Include="ヘッダー ファイル">
      <UniqueIdentifier>{93995380-89BD-4b04-88EB-625FBE52EBFB}</UniqueIdentifier>
      <Extensions>h;hh;hpp;hxx;h++;hm;inl;inc;ipp;xsd</Extensions>
    </Filter>
    <Filter Include="リソース ファイル">
      <UniqueIdentifier>{67DA6AB6-F800-4c08-8B7A-83BB121AAD01}</UniqueIdentifier>
      <Extensions>rc;ico;cur;bmp;dlg;rc2;rct;bin;rgs;gif;jpg;jpeg;jpe;resx;tiff;tif;png;wav;mfcribbon-ms</Extensions>
    </Filter>
    <Filter Include="ソース ファイル\base">
      <UniqueIdentifier>{7e6455ff-e3dc-4060-92dc-33bbdc262a26}</UniqueIdentifier>
    </Filter>
    <Filter Include="ヘッダー ファイル\base">
      <UniqueIdentifier>{9b32f97d-913e-4312-ab7d-68fe4cd8dad0}</UniqueIdentifier>
    </Filter>
    <Filter Include="ヘッダー ファイル\scene">
      <UniqueIdentifier>{eaa4cda4-a8ea-4a87-a6bc-a68b1fde2660}</UniqueIdentifier>
    </Filter>
    <Filter Include="ソース ファイル\scene">
      <UniqueIdentifier>{8c6e5c92-8bb8-4ff7-8810-92d3f40a66ce}</UniqueIdentifier>
    </Filter>
    <Filter Include="lib">
      <UniqueIdentifier>{f2d32872-f46a-47ee-854c-36733927db1e}</UniqueIdentifier>
    </Filter>
    <Filter Include="ソース ファイル\mesh">
      <UniqueIdentifier>{f8902e9f-7553-4bda-9bc4-1090b1086031}</UniqueIdentifier>
    </Filter>
    <Filter Include="ヘッダー ファイル\mesh">
      <UniqueIdentifier>{b1fc6d72-e1f4-45a7-9379-0c08f889c111}</UniqueIdentifier>
    </Filter>
    <Filter Include="ソース ファイル\character">
      <UniqueIdentifier>{563b999c-15c0-4075-b5b0-679abbd27af3}</UniqueIdentifier>
    </Filter>
    <Filter Include="ソース ファイル\animation">
      <UniqueIdentifier>{7394a277-13da-4c51-ba07-edb8d71af550}</UniqueIdentifier>
    </Filter>
    <Filter Include="ヘッダー ファイル\character">
      <UniqueIdentifier>{9904748d-ba8f-454e-a381-18f87ba3a883}</UniqueIdentifier>
    </Filter>
    <Filter Include="ヘッダー ファイル\animation">
      <UniqueIdentifier>{3b7c1985-471f-4f48-86ba-d5dfb00ddc71}</UniqueIdentifier>
    </Filter>
    <Filter Include="ソース ファイル\number">
      <UniqueIdentifier>{8aea6d32-eaf4-470b-a051-37c0cfd227f7}</UniqueIdentifier>
    </Filter>
    <Filter Include="ヘッダー ファイル\number">
      <UniqueIdentifier>{b8d2e3cd-34a5-4355-a544-0ba7b11eeb90}</UniqueIdentifier>
    </Filter>
    <Filter Include="ソース ファイル\object2D">
      <UniqueIdentifier>{6cdcb1cd-a72e-4da6-b027-9db09a0a2839}</UniqueIdentifier>
    </Filter>
    <Filter Include="ソース ファイル\object3D">
      <UniqueIdentifier>{7e331e70-21c3-4654-a71b-4794b9ffea04}</UniqueIdentifier>
    </Filter>
    <Filter Include="ソース ファイル\billboard">
      <UniqueIdentifier>{a3766ea2-38a2-4608-84c9-ec5f1e6b74fa}</UniqueIdentifier>
    </Filter>
    <Filter Include="ヘッダー ファイル\billboard">
      <UniqueIdentifier>{fcff674e-bbe0-4ecc-9c48-d495eb5cb0e4}</UniqueIdentifier>
    </Filter>
    <Filter Include="ヘッダー ファイル\object2D">
      <UniqueIdentifier>{90ee4ea9-32c9-428e-803e-552dc68e4a1b}</UniqueIdentifier>
    </Filter>
    <Filter Include="ヘッダー ファイル\object3D">
      <UniqueIdentifier>{c135964d-d711-4168-b1e6-7e3d63653241}</UniqueIdentifier>
    </Filter>
    <Filter Include="ソース ファイル\collision">
      <UniqueIdentifier>{11cde119-be4c-4d33-a0f7-a68402f98ca0}</UniqueIdentifier>
    </Filter>
    <Filter Include="ソース ファイル\mesh\field">
      <UniqueIdentifier>{7c5d6d34-63bd-4f19-baa7-c68ca2e977ca}</UniqueIdentifier>
    </Filter>
    <Filter Include="ヘッダー ファイル\mesh\field">
      <UniqueIdentifier>{1e918027-ec17-4fc2-a088-c554f4fd7b0f}</UniqueIdentifier>
    </Filter>
    <Filter Include="ヘッダー ファイル\collision">
      <UniqueIdentifier>{074edc6c-d0ef-4c8c-97b8-c993310f5772}</UniqueIdentifier>
    </Filter>
    <Filter Include="ヘッダー ファイル\system">
      <UniqueIdentifier>{c2216136-f01f-49f0-9d0f-c6e4781aa16a}</UniqueIdentifier>
    </Filter>
    <Filter Include="ソース ファイル\system">
      <UniqueIdentifier>{204c819d-fa70-494c-801a-325a18dc2f69}</UniqueIdentifier>
    </Filter>
    <Filter Include="ソース ファイル\Block">
      <UniqueIdentifier>{944d3b41-f187-4edb-9d28-585e6fc03903}</UniqueIdentifier>
    </Filter>
    <Filter Include="ヘッダー ファイル\Block">
      <UniqueIdentifier>{6f493264-13e0-4fe8-be8c-b5aba12e4744}</UniqueIdentifier>
    </Filter>
    <Filter Include="ソース ファイル\Physics">
      <UniqueIdentifier>{0d18864a-4ef1-4f9e-bada-a0bd7c3ff075}</UniqueIdentifier>
    </Filter>
    <Filter Include="ヘッダー ファイル\Physics">
      <UniqueIdentifier>{73ed2b6f-4f7b-4f13-a72e-81eb3573c626}</UniqueIdentifier>
    </Filter>
    <Filter Include="ヘッダー ファイル\GameObject">
      <UniqueIdentifier>{d1f617cf-1e2d-43db-8e43-949dd702f784}</UniqueIdentifier>
    </Filter>
    <Filter Include="ソース ファイル\Debug3D">
      <UniqueIdentifier>{6fb76e01-ec77-461e-aece-86b7234eb180}</UniqueIdentifier>
    </Filter>
    <Filter Include="ヘッダー ファイル\Debug3D">
      <UniqueIdentifier>{16511c2d-9857-494c-be00-9e12ddc66ce9}</UniqueIdentifier>
    </Filter>
    <Filter Include="ソース ファイル\ObjectX">
      <UniqueIdentifier>{c097ca43-60b9-4bb7-8a2f-02d165392ca0}</UniqueIdentifier>
    </Filter>
    <Filter Include="ヘッダー ファイル\ObjectX">
      <UniqueIdentifier>{069991be-d58b-4d98-b679-d5b004e1221a}</UniqueIdentifier>
    </Filter>
    <Filter Include="ソース ファイル\PlayerState">
      <UniqueIdentifier>{77b4e5d6-4c6c-4654-917c-14c1ecac1adb}</UniqueIdentifier>
    </Filter>
    <Filter Include="ヘッダー ファイル\PlayerState">
      <UniqueIdentifier>{f7670eb3-4f63-437b-b0ae-bc4ce4b20ec2}</UniqueIdentifier>
    </Filter>
    <Filter Include="ヘッダー ファイル\State">
      <UniqueIdentifier>{07d8b883-58f5-4735-97ed-3941b8bef4a8}</UniqueIdentifier>
    </Filter>
    <Filter Include="ソース ファイル\SkyCube">
      <UniqueIdentifier>{7a269017-164d-423e-a3e5-9cf3d3b1fa45}</UniqueIdentifier>
    </Filter>
    <Filter Include="ヘッダー ファイル\SkyCube">
      <UniqueIdentifier>{3f92f179-ad18-473e-9987-a12998ab39bd}</UniqueIdentifier>
    </Filter>
    <Filter Include="ソース ファイル\base\camera">
      <UniqueIdentifier>{24b6d3fb-d431-4c22-bcf3-9f6adf6b2956}</UniqueIdentifier>
    </Filter>
    <Filter Include="ヘッダー ファイル\base\camera">
      <UniqueIdentifier>{f27a895d-34dd-4038-a2aa-926c0d9cffa4}</UniqueIdentifier>
    </Filter>
    <Filter Include="ヘッダー ファイル\shader">
      <UniqueIdentifier>{b39807e5-b64e-4731-b497-40dc3e7e1231}</UniqueIdentifier>
    </Filter>
    <Filter Include="ソース ファイル\shader">
      <UniqueIdentifier>{e8db16f9-20a6-45cc-9ae8-7b071feab0de}</UniqueIdentifier>
    </Filter>
  </ItemGroup>
  <ItemGroup>
    <ClCompile Include="src\cpp\texture_manager.cpp">
      <Filter>ソース ファイル\base</Filter>
    </ClCompile>
    <ClCompile Include="src\cpp\renderer.cpp">
      <Filter>ソース ファイル\base</Filter>
    </ClCompile>
    <ClCompile Include="src\cpp\model_manager.cpp">
      <Filter>ソース ファイル\base</Filter>
    </ClCompile>
    <ClCompile Include="src\cpp\pch.cpp">
      <Filter>ソース ファイル\base</Filter>
    </ClCompile>
    <ClCompile Include="src\cpp\manager.cpp">
      <Filter>ソース ファイル\base</Filter>
    </ClCompile>
    <ClCompile Include="src\cpp\main.cpp">
      <Filter>ソース ファイル\base</Filter>
    </ClCompile>
    <ClCompile Include="src\cpp\light.cpp">
      <Filter>ソース ファイル\base</Filter>
    </ClCompile>
    <ClCompile Include="src\cpp\input.cpp">
      <Filter>ソース ファイル\base</Filter>
    </ClCompile>
    <ClCompile Include="src\cpp\object.cpp">
      <Filter>ソース ファイル\base</Filter>
    </ClCompile>
    <ClCompile Include="src\cpp\fade.cpp">
      <Filter>ソース ファイル\base</Filter>
    </ClCompile>
    <ClCompile Include="src\cpp\debug_proc.cpp">
      <Filter>ソース ファイル\base</Filter>
    </ClCompile>
    <ClCompile Include="src\cpp\game.cpp">
      <Filter>ソース ファイル\scene</Filter>
    </ClCompile>
    <ClCompile Include="src\cpp\ranking.cpp">
      <Filter>ソース ファイル\scene</Filter>
    </ClCompile>
    <ClCompile Include="src\cpp\result.cpp">
      <Filter>ソース ファイル\scene</Filter>
    </ClCompile>
    <ClCompile Include="src\cpp\scene.cpp">
      <Filter>ソース ファイル\scene</Filter>
    </ClCompile>
    <ClCompile Include="src\cpp\title.cpp">
      <Filter>ソース ファイル\scene</Filter>
    </ClCompile>
    <ClCompile Include="src\cpp\tutorial.cpp">
      <Filter>ソース ファイル\scene</Filter>
    </ClCompile>
    <ClCompile Include="src\cpp\mesh_circle.cpp">
      <Filter>ソース ファイル\mesh</Filter>
    </ClCompile>
    <ClCompile Include="src\cpp\mesh_cylinder.cpp">
      <Filter>ソース ファイル\mesh</Filter>
    </ClCompile>
    <ClCompile Include="src\cpp\character.cpp">
      <Filter>ソース ファイル\character</Filter>
    </ClCompile>
    <ClCompile Include="src\cpp\model.cpp">
      <Filter>ソース ファイル\character</Filter>
    </ClCompile>
    <ClCompile Include="src\cpp\motion.cpp">
      <Filter>ソース ファイル\animation</Filter>
    </ClCompile>
    <ClCompile Include="src\cpp\motion_loader.cpp">
      <Filter>ソース ファイル\animation</Filter>
    </ClCompile>
    <ClCompile Include="src\cpp\number.cpp">
      <Filter>ソース ファイル\number</Filter>
    </ClCompile>
    <ClCompile Include="src\cpp\score.cpp">
      <Filter>ソース ファイル\number</Filter>
    </ClCompile>
    <ClCompile Include="src\cpp\timer.cpp">
      <Filter>ソース ファイル\number</Filter>
    </ClCompile>
    <ClCompile Include="src\cpp\minute_second_timer.cpp">
      <Filter>ソース ファイル\number</Filter>
    </ClCompile>
    <ClCompile Include="src\cpp\object_billboard.cpp">
      <Filter>ソース ファイル\billboard</Filter>
    </ClCompile>
    <ClCompile Include="src\cpp\object2d.cpp">
      <Filter>ソース ファイル\object2D</Filter>
    </ClCompile>
    <ClCompile Include="src\cpp\object3d.cpp">
      <Filter>ソース ファイル\object3D</Filter>
    </ClCompile>
    <ClCompile Include="src\cpp\player.cpp">
      <Filter>ソース ファイル\character</Filter>
    </ClCompile>
    <ClCompile Include="src\cpp\effect.cpp">
      <Filter>ソース ファイル\billboard</Filter>
    </ClCompile>
    <ClCompile Include="src\cpp\particle.cpp">
      <Filter>ソース ファイル\billboard</Filter>
    </ClCompile>
    <ClCompile Include="src\cpp\mesh_field_collision_system.cpp">
      <Filter>ソース ファイル\collision</Filter>
    </ClCompile>
    <ClCompile Include="src\cpp\mesh_field_collision.cpp">
      <Filter>ソース ファイル\mesh\field</Filter>
    </ClCompile>
    <ClCompile Include="src\cpp\mesh_field.cpp">
      <Filter>ソース ファイル\mesh\field</Filter>
    </ClCompile>
    <ClCompile Include="src\cpp\input_system.cpp">
      <Filter>ソース ファイル\system</Filter>
    </ClCompile>
    <ClCompile Include="src\cpp\utility_math.cpp">
      <Filter>ソース ファイル\system</Filter>
    </ClCompile>
    <ClCompile Include="src\cpp\Block.cpp">
      <Filter>ソース ファイル\Block</Filter>
    </ClCompile>
    <ClCompile Include="src\cpp\BlockList.cpp">
      <Filter>ソース ファイル\Block</Filter>
    </ClCompile>
    <ClCompile Include="src\cpp\BlockManager.cpp">
      <Filter>ソース ファイル\Block</Filter>
    </ClCompile>
    <ClCompile Include="src\cpp\Collider.cpp">
      <Filter>ソース ファイル\Physics</Filter>
    </ClCompile>
    <ClCompile Include="src\cpp\PhysicsWorld.cpp">
      <Filter>ソース ファイル\Physics</Filter>
    </ClCompile>
    <ClCompile Include="src\cpp\RigidBody.cpp">
      <Filter>ソース ファイル\Physics</Filter>
    </ClCompile>
    <ClCompile Include="src\cpp\DebugProc3D.cpp">
      <Filter>ソース ファイル\Debug3D</Filter>
    </ClCompile>
    <ClCompile Include="src\cpp\ObjectX.cpp">
      <Filter>ソース ファイル\ObjectX</Filter>
    </ClCompile>
    <ClCompile Include="src\cpp\PlayerState.cpp">
      <Filter>ソース ファイル\PlayerState</Filter>
    </ClCompile>
    <ClCompile Include="src\cpp\texture_animation.cpp">
      <Filter>ソース ファイル\animation</Filter>
    </ClCompile>
    <ClCompile Include="src\cpp\SkyCube.cpp">
      <Filter>ソース ファイル\SkyCube</Filter>
    </ClCompile>
    <ClCompile Include="src\cpp\shadowmap_objectX.cpp">
      <Filter>ソース ファイル\ObjectX</Filter>
    </ClCompile>
    <ClCompile Include="src\cpp\camera.cpp">
      <Filter>ソース ファイル\base\camera</Filter>
    </ClCompile>
    <ClCompile Include="src\cpp\follow_camera.cpp">
      <Filter>ソース ファイル\base\camera</Filter>
    </ClCompile>
    <ClCompile Include="src\cpp\shader_manager.cpp">
      <Filter>ソース ファイル\shader</Filter>
    </ClCompile>
    <ClCompile Include="src\cpp\shader.cpp">
      <Filter>ソース ファイル\shader</Filter>
    </ClCompile>
    <ClCompile Include="src\cpp\ranking_score.cpp">
      <Filter>ソース ファイル\number</Filter>
    </ClCompile>
    <ClCompile Include="src\cpp\texture_mrt_manager.cpp">
      <Filter>ソース ファイル\base</Filter>
    </ClCompile>
    <ClCompile Include="src\cpp\plankton.cpp">
      <Filter>ソース ファイル</Filter>
    </ClCompile>
    <ClCompile Include="src\cpp\whale.cpp">
      <Filter>ソース ファイル</Filter>
    </ClCompile>
    <ClCompile Include="src\cpp\plankton_controller.cpp">
      <Filter>ソース ファイル</Filter>
    </ClCompile>
    <ClCompile Include="src\cpp\json_loader.cpp">
      <Filter>ソース ファイル</Filter>
    </ClCompile>
    <ClCompile Include="src\cpp\Sound.cpp">
    </ClCompile>
    <ClCompile Include="src\cpp\particle_registry.cpp">
      <Filter>ソース ファイル</Filter>
    </ClCompile>
    <ClCompile Include="src\cpp\mesh_sphere.cpp">
      <Filter>ソース ファイル\mesh</Filter>
    </ClCompile>
    <ClCompile Include="src\cpp\whale_controller.cpp">
      <Filter>ソース ファイル</Filter>
    </ClCompile>
    <ClCompile Include="src\cpp\easing.cpp">
      <Filter>ソース ファイル</Filter>
    </ClCompile>
  </ItemGroup>
  <ItemGroup>
    <ClInclude Include="src\include\debug_proc.h">
      <Filter>ヘッダー ファイル\base</Filter>
    </ClInclude>
    <ClInclude Include="src\include\fade.h">
      <Filter>ヘッダー ファイル\base</Filter>
    </ClInclude>
    <ClInclude Include="src\include\object.h">
      <Filter>ヘッダー ファイル\base</Filter>
    </ClInclude>
    <ClInclude Include="src\include\input.h">
      <Filter>ヘッダー ファイル\base</Filter>
    </ClInclude>
    <ClInclude Include="src\include\light.h">
      <Filter>ヘッダー ファイル\base</Filter>
    </ClInclude>
    <ClInclude Include="src\include\main.h">
      <Filter>ヘッダー ファイル\base</Filter>
    </ClInclude>
    <ClInclude Include="src\include\manager.h">
      <Filter>ヘッダー ファイル\base</Filter>
    </ClInclude>
    <ClInclude Include="src\include\model_manager.h">
      <Filter>ヘッダー ファイル\base</Filter>
    </ClInclude>
    <ClInclude Include="src\include\pch.h">
      <Filter>ヘッダー ファイル\base</Filter>
    </ClInclude>
    <ClInclude Include="src\include\renderer.h">
      <Filter>ヘッダー ファイル\base</Filter>
    </ClInclude>
    <ClInclude Include="src\include\texture_manager.h">
      <Filter>ヘッダー ファイル\base</Filter>
    </ClInclude>
    <ClInclude Include="src\include\game.h">
      <Filter>ヘッダー ファイル\scene</Filter>
    </ClInclude>
    <ClInclude Include="src\include\result.h">
      <Filter>ヘッダー ファイル\scene</Filter>
    </ClInclude>
    <ClInclude Include="src\include\ranking.h">
      <Filter>ヘッダー ファイル\scene</Filter>
    </ClInclude>
    <ClInclude Include="src\include\scene.h">
      <Filter>ヘッダー ファイル\scene</Filter>
    </ClInclude>
    <ClInclude Include="src\include\title.h">
      <Filter>ヘッダー ファイル\scene</Filter>
    </ClInclude>
    <ClInclude Include="src\include\tutorial.h">
      <Filter>ヘッダー ファイル\scene</Filter>
    </ClInclude>
    <ClInclude Include="src\include\json.hpp">
      <Filter>lib</Filter>
    </ClInclude>
    <ClInclude Include="src\include\mesh_circle.h">
      <Filter>ヘッダー ファイル\mesh</Filter>
    </ClInclude>
    <ClInclude Include="src\include\mesh_cylinder.h">
      <Filter>ヘッダー ファイル\mesh</Filter>
    </ClInclude>
    <ClInclude Include="src\include\character.h">
      <Filter>ヘッダー ファイル\character</Filter>
    </ClInclude>
    <ClInclude Include="src\include\model.h">
      <Filter>ヘッダー ファイル\character</Filter>
    </ClInclude>
    <ClInclude Include="src\include\motion.h">
      <Filter>ヘッダー ファイル\animation</Filter>
    </ClInclude>
    <ClInclude Include="src\include\motion_loader.h">
      <Filter>ヘッダー ファイル\animation</Filter>
    </ClInclude>
    <ClInclude Include="src\include\number.h">
      <Filter>ヘッダー ファイル\number</Filter>
    </ClInclude>
    <ClInclude Include="src\include\score.h">
      <Filter>ヘッダー ファイル\number</Filter>
    </ClInclude>
    <ClInclude Include="src\include\timer.h">
      <Filter>ヘッダー ファイル\number</Filter>
    </ClInclude>
    <ClInclude Include="src\include\minute_second_timer.h">
      <Filter>ヘッダー ファイル\number</Filter>
    </ClInclude>
    <ClInclude Include="src\include\object_billboard.h">
      <Filter>ヘッダー ファイル\billboard</Filter>
    </ClInclude>
    <ClInclude Include="src\include\object2d.h">
      <Filter>ヘッダー ファイル\object2D</Filter>
    </ClInclude>
    <ClInclude Include="src\include\object3d.h">
      <Filter>ヘッダー ファイル\object3D</Filter>
    </ClInclude>
    <ClInclude Include="src\include\player.h">
      <Filter>ヘッダー ファイル\character</Filter>
    </ClInclude>
    <ClInclude Include="src\include\effect.h">
      <Filter>ヘッダー ファイル\billboard</Filter>
    </ClInclude>
    <ClInclude Include="src\include\particle.h">
      <Filter>ヘッダー ファイル\billboard</Filter>
    </ClInclude>
    <ClInclude Include="src\include\mesh_field.h">
      <Filter>ヘッダー ファイル\mesh\field</Filter>
    </ClInclude>
    <ClInclude Include="src\include\mesh_field_collision.h">
      <Filter>ヘッダー ファイル\mesh\field</Filter>
    </ClInclude>
    <ClInclude Include="src\include\collision_system.h">
      <Filter>ヘッダー ファイル\collision</Filter>
    </ClInclude>
    <ClInclude Include="src\include\mesh_field_collision_system.h">
      <Filter>ヘッダー ファイル\collision</Filter>
    </ClInclude>
    <ClInclude Include="src\include\collision_result.h">
      <Filter>ヘッダー ファイル\collision</Filter>
    </ClInclude>
    <ClInclude Include="src\include\input_system.h">
      <Filter>ヘッダー ファイル\system</Filter>
    </ClInclude>
    <ClInclude Include="src\include\utility_math.h">
      <Filter>ヘッダー ファイル\system</Filter>
    </ClInclude>
    <ClInclude Include="src\include\Block.h">
      <Filter>ヘッダー ファイル\Block</Filter>
    </ClInclude>
    <ClInclude Include="src\include\BlockList.h">
      <Filter>ヘッダー ファイル\Block</Filter>
    </ClInclude>
    <ClInclude Include="src\include\BlockManager.h">
      <Filter>ヘッダー ファイル\Block</Filter>
    </ClInclude>
    <ClInclude Include="src\include\Collider.h">
      <Filter>ヘッダー ファイル\Physics</Filter>
    </ClInclude>
    <ClInclude Include="src\include\PhysicsWorld.h">
      <Filter>ヘッダー ファイル\Physics</Filter>
    </ClInclude>
    <ClInclude Include="src\include\RigidBody.h">
      <Filter>ヘッダー ファイル\Physics</Filter>
    </ClInclude>
    <ClInclude Include="src\include\MathConst.h">
      <Filter>ヘッダー ファイル\system</Filter>
    </ClInclude>
    <ClInclude Include="src\include\GameObject.h">
      <Filter>ヘッダー ファイル\GameObject</Filter>
    </ClInclude>
    <ClInclude Include="src\include\DebugProc3D.h">
      <Filter>ヘッダー ファイル\Debug3D</Filter>
    </ClInclude>
    <ClInclude Include="src\include\ObjectX.h">
      <Filter>ヘッダー ファイル\ObjectX</Filter>
    </ClInclude>
    <ClInclude Include="src\include\PlayerState.h">
      <Filter>ヘッダー ファイル\PlayerState</Filter>
    </ClInclude>
    <ClInclude Include="src\include\State.h">
      <Filter>ヘッダー ファイル\State</Filter>
    </ClInclude>
    <ClInclude Include="src\include\texture_animation.h">
      <Filter>ヘッダー ファイル\animation</Filter>
    </ClInclude>
    <ClInclude Include="src\include\SkyCube.h">
      <Filter>ヘッダー ファイル\SkyCube</Filter>
    </ClInclude>
    <ClInclude Include="src\include\shadowmap_objectX.h">
      <Filter>ヘッダー ファイル\ObjectX</Filter>
    </ClInclude>
    <ClInclude Include="src\include\color_constants.h">
      <Filter>ヘッダー ファイル</Filter>
    </ClInclude>
    <ClInclude Include="src\include\camera.h">
      <Filter>ヘッダー ファイル\base\camera</Filter>
    </ClInclude>
    <ClInclude Include="src\include\camera_system.h">
      <Filter>ヘッダー ファイル\base\camera</Filter>
    </ClInclude>
    <ClInclude Include="src\include\follow_camera.h">
      <Filter>ヘッダー ファイル\base\camera</Filter>
    </ClInclude>
    <ClInclude Include="src\include\ranking_score.h">
      <Filter>ヘッダー ファイル\number</Filter>
    </ClInclude>
    <ClInclude Include="src\include\shader.h">
      <Filter>ヘッダー ファイル\shader</Filter>
    </ClInclude>
    <ClInclude Include="src\include\shader_manager.h">
      <Filter>ヘッダー ファイル\shader</Filter>
    </ClInclude>
    <ClInclude Include="src\include\texture_mrt_manager.h">
      <Filter>ヘッダー ファイル\base</Filter>
    </ClInclude>
    <ClInclude Include="src\include\plankton.h">
      <Filter>ヘッダー ファイル</Filter>
    </ClInclude>
    <ClInclude Include="src\include\whale.h">
      <Filter>ヘッダー ファイル</Filter>
    </ClInclude>
    <ClInclude Include="src\include\plankton_controller.h">
      <Filter>ヘッダー ファイル</Filter>
    </ClInclude>
    <ClInclude Include="src\include\json_loader.h">
      <Filter>ヘッダー ファイル</Filter>
    </ClInclude>
    <ClInclude Include="src\include\Sound.h">
    </ClInclude>
    <ClInclude Include="src\include\particle_registry.h">
      <Filter>ヘッダー ファイル</Filter>
    </ClInclude>
    <ClInclude Include="src\include\mesh_sphere.h">
      <Filter>ヘッダー ファイル\mesh</Filter>
    </ClInclude>
    <ClInclude Include="src\include\whale_controller.h">
      <Filter>ヘッダー ファイル</Filter>
    </ClInclude>
    <ClInclude Include="src\include\easing.h">
      <Filter>ヘッダー ファイル</Filter>
    </ClInclude>
  </ItemGroup>
  <ItemGroup>
    <FxCompile Include="data\SHADER\skycube.hlsl">
      <Filter>リソース ファイル</Filter>
    </FxCompile>
  </ItemGroup>
  <ItemGroup>
    <None Include="data\SYSTEM\plankton.json">
      <Filter>リソース ファイル</Filter>
    </None>
    <None Include="data\SYSTEM\particle.json">
      <Filter>リソース ファイル</Filter>
    </None>
    <None Include="data\SYSTEM\plankton_save.json">
      <Filter>リソース ファイル</Filter>
    </None>
  </ItemGroup>
</Project>